
Microsoft Visual Studio Solution File, Format Version 12.00
# Visual Studio Version 16
VisualStudioVersion = 16.0.30114.105
MinimumVisualStudioVersion = 10.0.40219.1
Project("{9A19103F-16F7-4668-BE54-9A1E7A4F7556}") = "v3d0", "v3d0\v3d0.csproj", "{443FC261-75D2-44C5-888D-7F2F7DB1DB25}"
EndProject
Project("{9A19103F-16F7-4668-BE54-9A1E7A4F7556}") = "CubeAnimationDemo", "CubeAnimationDemo\CubeAnimationDemo.csproj", "{D0DB20D8-8F78-4444-BC2B-78DDCC917A0B}"
EndProject
Project("{9A19103F-16F7-4668-BE54-9A1E7A4F7556}") = "UserControlTest", "UserControlTest\UserControlTest.csproj", "{062BA28A-4D97-4447-B60D-674310749D97}"
EndProject
Project("{FAE04EC0-301F-11D3-BF4B-00C04F79EFBC}") = "Vp3D_by_CS", "Vp3D_by_CS\Vp3D_by_CS.csproj", "{49694E8C-8E8D-4EF8-A67F-65459C72AE9A}"
EndProject
Global
	GlobalSection(SolutionConfigurationPlatforms) = preSolution
		Debug|Any CPU = Debug|Any CPU
		Debug|x64 = Debug|x64
		Debug|x86 = Debug|x86
		Release|Any CPU = Release|Any CPU
		Release|x64 = Release|x64
		Release|x86 = Release|x86
	EndGlobalSection
	GlobalSection(ProjectConfigurationPlatforms) = postSolution
		{443FC261-75D2-44C5-888D-7F2F7DB1DB25}.Debug|Any CPU.ActiveCfg = Debug|Any CPU
		{443FC261-75D2-44C5-888D-7F2F7DB1DB25}.Debug|Any CPU.Build.0 = Debug|Any CPU
		{443FC261-75D2-44C5-888D-7F2F7DB1DB25}.Debug|x64.ActiveCfg = Debug|Any CPU
		{443FC261-75D2-44C5-888D-7F2F7DB1DB25}.Debug|x64.Build.0 = Debug|Any CPU
		{443FC261-75D2-44C5-888D-7F2F7DB1DB25}.Debug|x86.ActiveCfg = Debug|Any CPU
		{443FC261-75D2-44C5-888D-7F2F7DB1DB25}.Debug|x86.Build.0 = Debug|Any CPU
		{443FC261-75D2-44C5-888D-7F2F7DB1DB25}.Release|Any CPU.ActiveCfg = Release|Any CPU
		{443FC261-75D2-44C5-888D-7F2F7DB1DB25}.Release|Any CPU.Build.0 = Release|Any CPU
		{443FC261-75D2-44C5-888D-7F2F7DB1DB25}.Release|x64.ActiveCfg = Release|Any CPU
		{443FC261-75D2-44C5-888D-7F2F7DB1DB25}.Release|x64.Build.0 = Release|Any CPU
		{443FC261-75D2-44C5-888D-7F2F7DB1DB25}.Release|x86.ActiveCfg = Release|Any CPU
		{443FC261-75D2-44C5-888D-7F2F7DB1DB25}.Release|x86.Build.0 = Release|Any CPU
		{D0DB20D8-8F78-4444-BC2B-78DDCC917A0B}.Debug|Any CPU.ActiveCfg = Debug|Any CPU
		{D0DB20D8-8F78-4444-BC2B-78DDCC917A0B}.Debug|Any CPU.Build.0 = Debug|Any CPU
		{D0DB20D8-8F78-4444-BC2B-78DDCC917A0B}.Debug|x64.ActiveCfg = Debug|Any CPU
		{D0DB20D8-8F78-4444-BC2B-78DDCC917A0B}.Debug|x64.Build.0 = Debug|Any CPU
		{D0DB20D8-8F78-4444-BC2B-78DDCC917A0B}.Debug|x86.ActiveCfg = Debug|Any CPU
		{D0DB20D8-8F78-4444-BC2B-78DDCC917A0B}.Debug|x86.Build.0 = Debug|Any CPU
		{D0DB20D8-8F78-4444-BC2B-78DDCC917A0B}.Release|Any CPU.ActiveCfg = Release|Any CPU
		{D0DB20D8-8F78-4444-BC2B-78DDCC917A0B}.Release|Any CPU.Build.0 = Release|Any CPU
		{D0DB20D8-8F78-4444-BC2B-78DDCC917A0B}.Release|x64.ActiveCfg = Release|Any CPU
		{D0DB20D8-8F78-4444-BC2B-78DDCC917A0B}.Release|x64.Build.0 = Release|Any CPU
		{D0DB20D8-8F78-4444-BC2B-78DDCC917A0B}.Release|x86.ActiveCfg = Release|Any CPU
		{D0DB20D8-8F78-4444-BC2B-78DDCC917A0B}.Release|x86.Build.0 = Release|Any CPU
		{062BA28A-4D97-4447-B60D-674310749D97}.Debug|Any CPU.ActiveCfg = Debug|Any CPU
		{062BA28A-4D97-4447-B60D-674310749D97}.Debug|Any CPU.Build.0 = Debug|Any CPU
		{062BA28A-4D97-4447-B60D-674310749D97}.Debug|x64.ActiveCfg = Debug|Any CPU
		{062BA28A-4D97-4447-B60D-674310749D97}.Debug|x64.Build.0 = Debug|Any CPU
		{062BA28A-4D97-4447-B60D-674310749D97}.Debug|x86.ActiveCfg = Debug|Any CPU
		{062BA28A-4D97-4447-B60D-674310749D97}.Debug|x86.Build.0 = Debug|Any CPU
		{062BA28A-4D97-4447-B60D-674310749D97}.Release|Any CPU.ActiveCfg = Release|Any CPU
		{062BA28A-4D97-4447-B60D-674310749D97}.Release|Any CPU.Build.0 = Release|Any CPU
		{062BA28A-4D97-4447-B60D-674310749D97}.Release|x64.ActiveCfg = Release|Any CPU
		{062BA28A-4D97-4447-B60D-674310749D97}.Release|x64.Build.0 = Release|Any CPU
		{062BA28A-4D97-4447-B60D-674310749D97}.Release|x86.ActiveCfg = Release|Any CPU
		{062BA28A-4D97-4447-B60D-674310749D97}.Release|x86.Build.0 = Release|Any CPU
		{49694E8C-8E8D-4EF8-A67F-65459C72AE9A}.Debug|Any CPU.ActiveCfg = Debug|Any CPU
		{49694E8C-8E8D-4EF8-A67F-65459C72AE9A}.Debug|Any CPU.Build.0 = Debug|Any CPU
		{49694E8C-8E8D-4EF8-A67F-65459C72AE9A}.Debug|x64.ActiveCfg = Debug|Any CPU
		{49694E8C-8E8D-4EF8-A67F-65459C72AE9A}.Debug|x64.Build.0 = Debug|Any CPU
		{49694E8C-8E8D-4EF8-A67F-65459C72AE9A}.Debug|x86.ActiveCfg = Debug|Any CPU
		{49694E8C-8E8D-4EF8-A67F-65459C72AE9A}.Debug|x86.Build.0 = Debug|Any CPU
		{49694E8C-8E8D-4EF8-A67F-65459C72AE9A}.Release|Any CPU.ActiveCfg = Release|Any CPU
		{49694E8C-8E8D-4EF8-A67F-65459C72AE9A}.Release|Any CPU.Build.0 = Release|Any CPU
		{49694E8C-8E8D-4EF8-A67F-65459C72AE9A}.Release|x64.ActiveCfg = Release|Any CPU
		{49694E8C-8E8D-4EF8-A67F-65459C72AE9A}.Release|x64.Build.0 = Release|Any CPU
		{49694E8C-8E8D-4EF8-A67F-65459C72AE9A}.Release|x86.ActiveCfg = Release|Any CPU
		{49694E8C-8E8D-4EF8-A67F-65459C72AE9A}.Release|x86.Build.0 = Release|Any CPU
	EndGlobalSection
	GlobalSection(SolutionProperties) = preSolution
		HideSolutionNode = FALSE
	EndGlobalSection
	GlobalSection(ExtensibilityGlobals) = postSolution
		SolutionGuid = {4B2EB21A-E9CE-435D-BC10-AD4B7B5F6D46}
	EndGlobalSection
EndGlobal
